
Microsoft Visual Studio Solution File, Format Version 12.00
# Visual Studio Version 17
VisualStudioVersion = 17.5.33530.505
MinimumVisualStudioVersion = 10.0.40219.1
Project("{FAE04EC0-301F-11D3-BF4B-00C04F79EFBC}") = "WebAPI", "WebAPI\WebAPI.csproj", "{93C7482F-2495-49EB-83FF-0D847A1BBCBF}"
EndProject
Global
	GlobalSection(SolutionConfigurationPlatforms) = preSolution
		Debug|Any CPU = Debug|Any CPU
		Release|Any CPU = Release|Any CPU
	EndGlobalSection
	GlobalSection(ProjectConfigurationPlatforms) = postSolution
		{93C7482F-2495-49EB-83FF-0D847A1BBCBF}.Debug|Any CPU.ActiveCfg = Debug|Any CPU
		{93C7482F-2495-49EB-83FF-0D847A1BBCBF}.Debug|Any CPU.Build.0 = Debug|Any CPU
		{93C7482F-2495-49EB-83FF-0D847A1BBCBF}.Release|Any CPU.ActiveCfg = Release|Any CPU
		{93C7482F-2495-49EB-83FF-0D847A1BBCBF}.Release|Any CPU.Build.0 = Release|Any CPU
	EndGlobalSection
	GlobalSection(SolutionProperties) = preSolution
		HideSolutionNode = FALSE
	EndGlobalSection
	GlobalSection(ExtensibilityGlobals) = postSolution
		SolutionGuid = {C79FED31-3AEB-4923-9818-9D68A893C6AD}
	EndGlobalSection
EndGlobal
